
Microsoft Visual Studio Solution File, Format Version 12.00
# Visual Studio Version 17
VisualStudioVersion = 17.6.33801.468
MinimumVisualStudioVersion = 10.0.40219.1
Project("{FAE04EC0-301F-11D3-BF4B-00C04F79EFBC}") = "Timer_Dijital_Saat", "Timer_Dijital_Saat\Timer_Dijital_Saat.csproj", "{6AA412E5-F5A9-4F6B-8562-ED9C36537045}"
EndProject
Global
	GlobalSection(SolutionConfigurationPlatforms) = preSolution
		Debug|Any CPU = Debug|Any CPU
		Release|Any CPU = Release|Any CPU
	EndGlobalSection
	GlobalSection(ProjectConfigurationPlatforms) = postSolution
		{6AA412E5-F5A9-4F6B-8562-ED9C36537045}.Debug|Any CPU.ActiveCfg = Debug|Any CPU
		{6AA412E5-F5A9-4F6B-8562-ED9C36537045}.Debug|Any CPU.Build.0 = Debug|Any CPU
		{6AA412E5-F5A9-4F6B-8562-ED9C36537045}.Release|Any CPU.ActiveCfg = Release|Any CPU
		{6AA412E5-F5A9-4F6B-8562-ED9C36537045}.Release|Any CPU.Build.0 = Release|Any CPU
	EndGlobalSection
	GlobalSection(SolutionProperties) = preSolution
		HideSolutionNode = FALSE
	EndGlobalSection
	GlobalSection(ExtensibilityGlobals) = postSolution
		SolutionGuid = {4AA42E91-1CEB-440E-A975-0300B2CDAC44}
	EndGlobalSection
EndGlobal
